
Microsoft Visual Studio Solution File, Format Version 12.00
# Visual Studio Version 17
VisualStudioVersion = 17.2.32616.157
MinimumVisualStudioVersion = 10.0.40219.1
Project("{FAE04EC0-301F-11D3-BF4B-00C04F79EFBC}") = "BetterLightning", "BetterLightning.csproj", "{49DAD4B5-A9E9-4ED6-B27B-1EEE6BA9AB4C}"
EndProject
Global
	GlobalSection(SolutionConfigurationPlatforms) = preSolution
		Debug|Any CPU = Debug|Any CPU
		Release|Any CPU = Release|Any CPU
	EndGlobalSection
	GlobalSection(ProjectConfigurationPlatforms) = postSolution
		{49DAD4B5-A9E9-4ED6-B27B-1EEE6BA9AB4C}.Debug|Any CPU.ActiveCfg = Debug|Any CPU
		{49DAD4B5-A9E9-4ED6-B27B-1EEE6BA9AB4C}.Debug|Any CPU.Build.0 = Debug|Any CPU
		{49DAD4B5-A9E9-4ED6-B27B-1EEE6BA9AB4C}.Release|Any CPU.ActiveCfg = Release|Any CPU
		{49DAD4B5-A9E9-4ED6-B27B-1EEE6BA9AB4C}.Release|Any CPU.Build.0 = Release|Any CPU
	EndGlobalSection
	GlobalSection(SolutionProperties) = preSolution
		HideSolutionNode = FALSE
	EndGlobalSection
	GlobalSection(ExtensibilityGlobals) = postSolution
		SolutionGuid = {F63CCA6E-990D-43C4-B14E-3B625B3EA921}
	EndGlobalSection
EndGlobal
